
Microsoft Visual Studio Solution File, Format Version 12.00
# Visual Studio 14
VisualStudioVersion = 14.0.25420.1
MinimumVisualStudioVersion = 10.0.40219.1
Project("{FAE04EC0-301F-11D3-BF4B-00C04F79EFBC}") = "API", "API\API.csproj", "{31084068-7556-4915-BC16-F30BE2FC67EA}"
EndProject
Project("{FAE04EC0-301F-11D3-BF4B-00C04F79EFBC}") = "app", "app\app.csproj", "{306423DC-4E7B-41ED-AA7A-7B25D00C8912}"
EndProject
Global
	GlobalSection(SolutionConfigurationPlatforms) = preSolution
		Debug|Any CPU = Debug|Any CPU
		Release|Any CPU = Release|Any CPU
	EndGlobalSection
	GlobalSection(ProjectConfigurationPlatforms) = postSolution
		{31084068-7556-4915-BC16-F30BE2FC67EA}.Debug|Any CPU.ActiveCfg = Debug|Any CPU
		{31084068-7556-4915-BC16-F30BE2FC67EA}.Debug|Any CPU.Build.0 = Debug|Any CPU
		{31084068-7556-4915-BC16-F30BE2FC67EA}.Release|Any CPU.ActiveCfg = Release|Any CPU
		{31084068-7556-4915-BC16-F30BE2FC67EA}.Release|Any CPU.Build.0 = Release|Any CPU
		{306423DC-4E7B-41ED-AA7A-7B25D00C8912}.Debug|Any CPU.ActiveCfg = Debug|Any CPU
		{306423DC-4E7B-41ED-AA7A-7B25D00C8912}.Debug|Any CPU.Build.0 = Debug|Any CPU
		{306423DC-4E7B-41ED-AA7A-7B25D00C8912}.Release|Any CPU.ActiveCfg = Release|Any CPU
		{306423DC-4E7B-41ED-AA7A-7B25D00C8912}.Release|Any CPU.Build.0 = Release|Any CPU
	EndGlobalSection
	GlobalSection(SolutionProperties) = preSolution
		HideSolutionNode = FALSE
	EndGlobalSection
EndGlobal
